// !$*UTF8*$!
{
	archiveVersion = 1;
	classes = {
	};
	objectVersion = 46;
	objects = {

/* Begin PBXBuildFile section */
		AD8C246D1D8D2F0D00AEACF8 /* AppDelegate.swift in Sources */ = {isa = PBXBuildFile; fileRef = AD8C246C1D8D2F0D00AEACF8 /* AppDelegate.swift */; };
		AD8C24721D8D2F0D00AEACF8 /* Main.storyboard in Resources */ = {isa = PBXBuildFile; fileRef = AD8C24701D8D2F0D00AEACF8 /* Main.storyboard */; };
		AD8C24741D8D2F0D00AEACF8 /* Assets.xcassets in Resources */ = {isa = PBXBuildFile; fileRef = AD8C24731D8D2F0D00AEACF8 /* Assets.xcassets */; };
		AD8C24771D8D2F0D00AEACF8 /* LaunchScreen.storyboard in Resources */ = {isa = PBXBuildFile; fileRef = AD8C24751D8D2F0D00AEACF8 /* LaunchScreen.storyboard */; };
		AD8C247F1D8DB81500AEACF8 /* viewcontViewController.swift in Sources */ = {isa = PBXBuildFile; fileRef = AD8C247E1D8DB81500AEACF8 /* viewcontViewController.swift */; };
		AD8C24811D8DD94400AEACF8 /* Default.png in Resources */ = {isa = PBXBuildFile; fileRef = AD8C24801D8DD94400AEACF8 /* Default.png */; };
		AD8C24831D8DDD3500AEACF8 /* Ramen.png in Resources */ = {isa = PBXBuildFile; fileRef = AD8C24821D8DDD3500AEACF8 /* Ramen.png */; };
/* End PBXBuildFile section */

/* Begin PBXFileReference section */
		AD8C24691D8D2F0D00AEACF8 /* Bob's Ramen.app */ = {isa = PBXFileReference; explicitFileType = wrapper.application; includeInIndex = 0; path = "Bob's Ramen.app"; sourceTree = BUILT_PRODUCTS_DIR; };
		AD8C246C1D8D2F0D00AEACF8 /* AppDelegate.swift */ = {isa = PBXFileReference; lastKnownFileType = sourcecode.swift; path = AppDelegate.swift; sourceTree = "<group>"; };
		AD8C24711D8D2F0D00AEACF8 /* Base */ = {isa = PBXFileReference; lastKnownFileType = file.storyboard; name = Base; path = Base.lproj/Main.storyboard; sourceTree = "<group>"; };
		AD8C24731D8D2F0D00AEACF8 /* Assets.xcassets */ = {isa = PBXFileReference; lastKnownFileType = folder.assetcatalog; path = Assets.xcassets; sourceTree = "<group>"; };
		AD8C24761D8D2F0D00AEACF8 /* Base */ = {isa = PBXFileReference; lastKnownFileType = file.storyboard; name = Base; path = Base.lproj/LaunchScreen.storyboard; sourceTree = "<group>"; };
		AD8C24781D8D2F0D00AEACF8 /* Info.plist */ = {isa = PBXFileReference; lastKnownFileType = text.plist.xml; path = Info.plist; sourceTree = "<group>"; };
		AD8C247E1D8DB81500AEACF8 /* viewcontViewController.swift */ = {isa = PBXFileReference; fileEncoding = 4; lastKnownFileType = sourcecode.swift; path = viewcontViewController.swift; sourceTree = "<group>"; };
		AD8C24801D8DD94400AEACF8 /* Default.png */ = {isa = PBXFileReference; lastKnownFileType = image.png; name = Default.png; path = ../../../../Downloads/Default.png; sourceTree = "<group>"; };
		AD8C24821D8DDD3500AEACF8 /* Ramen.png */ = {isa = PBXFileReference; lastKnownFileType = image.png; name = Ramen.png; path = ../../../../Downloads/Ramen.png; sourceTree = "<group>"; };
/* End PBXFileReference section */

/* Begin PBXFrameworksBuildPhase section */
		AD8C24661D8D2F0D00AEACF8 /* Frameworks */ = {
			isa = PBXFrameworksBuildPhase;
			buildActionMask = 2147483647;
			files = (
			);
			runOnlyForDeploymentPostprocessing = 0;
		};
/* End PBXFrameworksBuildPhase section */

/* Begin PBXGroup section */
		AD8C24601D8D2F0C00AEACF8 = {
			isa = PBXGroup;
			children = (
				AD8C246B1D8D2F0D00AEACF8 /* Bob's Ramen */,
				AD8C246A1D8D2F0D00AEACF8 /* Products */,
			);
			sourceTree = "<group>";
		};
		AD8C246A1D8D2F0D00AEACF8 /* Products */ = {
			isa = PBXGroup;
			children = (
				AD8C24691D8D2F0D00AEACF8 /* Bob's Ramen.app */,
			);
			name = Products;
			sourceTree = "<group>";
		};
		AD8C246B1D8D2F0D00AEACF8 /* Bob's Ramen */ = {
			isa = PBXGroup;
			children = (
				AD8C246C1D8D2F0D00AEACF8 /* AppDelegate.swift */,
				AD8C247E1D8DB81500AEACF8 /* viewcontViewController.swift */,
				AD8C24701D8D2F0D00AEACF8 /* Main.storyboard */,
				AD8C24821D8DDD3500AEACF8 /* Ramen.png */,
				AD8C24731D8D2F0D00AEACF8 /* Assets.xcassets */,
				AD8C24801D8DD94400AEACF8 /* Default.png */,
				AD8C24751D8D2F0D00AEACF8 /* LaunchScreen.storyboard */,
				AD8C24781D8D2F0D00AEACF8 /* Info.plist */,
			);
			path = "Bob's Ramen";
			sourceTree = "<group>";
		};
/* End PBXGroup section */

/* Begin PBXNativeTarget section */
		AD8C24681D8D2F0D00AEACF8 /* Bob's Ramen */ = {
			isa = PBXNativeTarget;
			buildConfigurationList = AD8C247B1D8D2F0D00AEACF8 /* Build configuration list for PBXNativeTarget "Bob's Ramen" */;
			buildPhases = (
				AD8C24651D8D2F0D00AEACF8 /* Sources */,
				AD8C24661D8D2F0D00AEACF8 /* Frameworks */,
				AD8C24671D8D2F0D00AEACF8 /* Resources */,
			);
			buildRules = (
			);
			dependencies = (
			);
			name = "Bob's Ramen";
			productName = "Bob's Ramen";
			productReference = AD8C24691D8D2F0D00AEACF8 /* Bob's Ramen.app */;
			productType = "com.apple.product-type.application";
		};
/* End PBXNativeTarget section */

/* Begin PBXProject section */
		AD8C24611D8D2F0D00AEACF8 /* Project object */ = {
			isa = PBXProject;
			attributes = {
				LastSwiftUpdateCheck = 0800;
				LastUpgradeCheck = 0800;
				ORGANIZATIONNAME = Bobs;
				TargetAttributes = {
					AD8C24681D8D2F0D00AEACF8 = {
						CreatedOnToolsVersion = 8.0;
						DevelopmentTeam = AFF6VZR4K4;
						ProvisioningStyle = Automatic;
					};
				};
			};
			buildConfigurationList = AD8C24641D8D2F0D00AEACF8 /* Build configuration list for PBXProject "Bob's Ramen" */;
			compatibilityVersion = "Xcode 3.2";
			developmentRegion = English;
			hasScannedForEncodings = 0;
			knownRegions = (
				en,
				Base,
			);
			mainGroup = AD8C24601D8D2F0C00AEACF8;
			productRefGroup = AD8C246A1D8D2F0D00AEACF8 /* Products */;
			projectDirPath = "";
			projectRoot = "";
			targets = (
				AD8C24681D8D2F0D00AEACF8 /* Bob's Ramen */,
			);
		};
/* End PBXProject section */

/* Begin PBXResourcesBuildPhase section */
		AD8C24671D8D2F0D00AEACF8 /* Resources */ = {
			isa = PBXResourcesBuildPhase;
			buildActionMask = 2147483647;
			files = (
				AD8C24831D8DDD3500AEACF8 /* Ramen.png in Resources */,
				AD8C24771D8D2F0D00AEACF8 /* LaunchScreen.storyboard in Resources */,
				AD8C24741D8D2F0D00AEACF8 /* Assets.xcassets in Resources */,
				AD8C24721D8D2F0D00AEACF8 /* Main.storyboard in Resources */,
				AD8C24811D8DD94400AEACF8 /* Default.png in Resources */,
			);
			runOnlyForDeploymentPostprocessing = 0;
		};
/* End PBXResourcesBuildPhase section */

/* Begin PBXSourcesBuildPhase section */
		AD8C24651D8D2F0D00AEACF8 /* Sources */ = {
			isa = PBXSourcesBuildPhase;
			buildActionMask = 2147483647;
			files = (
				AD8C247F1D8DB81500AEACF8 /* viewcontViewController.swift in Sources */,
				AD8C246D1D8D2F0D00AEACF8 /* AppDelegate.swift in Sources */,
			);
			runOnlyForDeploymentPostprocessing = 0;
		};
/* End PBXSourcesBuildPhase section */

/* Begin PBXVariantGroup section */
		AD8C24701D8D2F0D00AEACF8 /* Main.storyboard */ = {
			isa = PBXVariantGroup;
			children = (
				AD8C24711D8D2F0D00AEACF8 /* Base */,
			);
			name = Main.storyboard;
			sourceTree = "<group>";
		};
		AD8C24751D8D2F0D00AEACF8 /* LaunchScreen.storyboard */ = {
			isa = PBXVariantGroup;
			children = (
				AD8C24761D8D2F0D00AEACF8 /* Base */,
			);
			name = LaunchScreen.storyboard;
			sourceTree = "<group>";
		};
/* End PBXVariantGroup section */

/* Begin XCBuildConfiguration section */
		AD8C24791D8D2F0D00AEACF8 /* Debug */ = {
			isa = XCBuildConfiguration;
			buildSettings = {
				ALWAYS_SEARCH_USER_PATHS = NO;
				CLANG_ANALYZER_NONNULL = YES;
				CLANG_CXX_LANGUAGE_STANDARD = "gnu++0x";
				CLANG_CXX_LIBRARY = "libc++";
				CLANG_ENABLE_MODULES = YES;
				CLANG_ENABLE_OBJC_ARC = YES;
				CLANG_WARN_BOOL_CONVERSION = YES;
				CLANG_WARN_CONSTANT_CONVERSION = YES;
				CLANG_WARN_DIRECT_OBJC_ISA_USAGE = YES_ERROR;
				CLANG_WARN_DOCUMENTATION_COMMENTS = YES;
				CLANG_WARN_EMPTY_BODY = YES;
				CLANG_WARN_ENUM_CONVERSION = YES;
				CLANG_WARN_INFINITE_RECURSION = YES;
				CLANG_WARN_INT_CONVERSION = YES;
				CLANG_WARN_OBJC_ROOT_CLASS = YES_ERROR;
				CLANG_WARN_SUSPICIOUS_MOVES = YES;
				CLANG_WARN_UNREACHABLE_CODE = YES;
				CLANG_WARN__DUPLICATE_METHOD_MATCH = YES;
				"CODE_SIGN_IDENTITY[sdk=iphoneos*]" = "iPhone Developer";
				COPY_PHASE_STRIP = NO;
				DEBUG_INFORMATION_FORMAT = dwarf;
				ENABLE_STRICT_OBJC_MSGSEND = YES;
				ENABLE_TESTABILITY = YES;
				GCC_C_LANGUAGE_STANDARD = gnu99;
				GCC_DYNAMIC_NO_PIC = NO;
				GCC_NO_COMMON_BLOCKS = YES;
				GCC_OPTIMIZATION_LEVEL = 0;
				GCC_PREPROCESSOR_DEFINITIONS = (
					"DEBUG=1",
					"$(inherited)",
				);
				GCC_WARN_64_TO_32_BIT_CONVERSION = YES;
				GCC_WARN_ABOUT_RETURN_TYPE = YES_ERROR;
				GCC_WARN_UNDECLARED_SELECTOR = YES;
				GCC_WARN_UNINITIALIZED_AUTOS = YES_AGGRESSIVE;
				GCC_WARN_UNUSED_FUNCTION = YES;
				GCC_WARN_UNUSED_VARIABLE = YES;
				IPHONEOS_DEPLOYMENT_TARGET = 10.0;
				MTL_ENABLE_DEBUG_INFO = YES;
				ONLY_ACTIVE_ARCH = YES;
				SDKROOT = iphoneos;
				SWIFT_ACTIVE_COMPILATION_CONDITIONS = DEBUG;
				SWIFT_OPTIMIZATION_LEVEL = "-Onone";
			};
			name = Debug;
		};
		AD8C247A1D8D2F0D00AEACF8 /* Release */ = {
			isa = XCBuildConfiguration;
			buildSettings = {
				ALWAYS_SEARCH_USER_PATHS = NO;
				CLANG_ANALYZER_NONNULL = YES;
				CLANG_CXX_LANGUAGE_STANDARD = "gnu++0x";
				CLANG_CXX_LIBRARY = "libc++";
				CLANG_ENABLE_MODULES = YES;
				CLANG_ENABLE_OBJC_ARC = YES;
				CLANG_WARN_BOOL_CONVERSION = YES;
				CLANG_WARN_CONSTANT_CONVERSION = YES;
				CLANG_WARN_DIRECT_OBJC_ISA_USAGE = YES_ERROR;
				CLANG_WARN_DOCUMENTATION_COMMENTS = YES;
				CLANG_WARN_EMPTY_BODY = YES;
				CLANG_WARN_ENUM_CONVERSION = YES;
				CLANG_WARN_INFINITE_RECURSION = YES;
				CLANG_WARN_INT_CONVERSION = YES;
				CLANG_WARN_OBJC_ROOT_CLASS = YES_ERROR;
				CLANG_WARN_SUSPICIOUS_MOVES = YES;
				CLANG_WARN_UNREACHABLE_CODE = YES;
				CLANG_WARN__DUPLICATE_METHOD_MATCH = YES;
				"CODE_SIGN_IDENTITY[sdk=iphoneos*]" = "iPhone Developer";
				COPY_PHASE_STRIP = NO;
				DEBUG_INFORMATION_FORMAT = "dwarf-with-dsym";
				ENABLE_NS_ASSERTIONS = NO;
				ENABLE_STRICT_OBJC_MSGSEND = YES;
				GCC_C_LANGUAGE_STANDARD = gnu99;
				GCC_NO_COMMON_BLOCKS = YES;
				GCC_WARN_64_TO_32_BIT_CONVERSION = YES;
				GCC_WARN_ABOUT_RETURN_TYPE = YES_ERROR;
				GCC_WARN_UNDECLARED_SELECTOR = YES;
				GCC_WARN_UNINITIALIZED_AUTOS = YES_AGGRESSIVE;
				GCC_WARN_UNUSED_FUNCTION = YES;
				GCC_WARN_UNUSED_VARIABLE = YES;
				IPHONEOS_DEPLOYMENT_TARGET = 10.0;
				MTL_ENABLE_DEBUG_INFO = NO;
				SDKROOT = iphoneos;
				SWIFT_OPTIMIZATION_LEVEL = "-Owholemodule";
				VALIDATE_PRODUCT = YES;
			};
			name = Release;
		};
		AD8C247C1D8D2F0D00AEACF8 /* Debug */ = {
			isa = XCBuildConfiguration;
			buildSettings = {
				ASSETCATALOG_COMPILER_APPICON_NAME = AppIcon;
				ASSETCATALOG_COMPILER_LAUNCHIMAGE_NAME = "LaunchImage-2";
				DEVELOPMENT_TEAM = AFF6VZR4K4;
				INFOPLIST_FILE = "Bob's Ramen/Info.plist";
				IPHONEOS_DEPLOYMENT_TARGET = 9;
				LD_RUNPATH_SEARCH_PATHS = "$(inherited) @executable_path/Frameworks";
				PRODUCT_BUNDLE_IDENTIFIER = "Bobs.Bob-s-Ramen";
				PRODUCT_NAME = "$(TARGET_NAME)";
				SWIFT_VERSION = 3.0;
			};
			name = Debug;
		};
		AD8C247D1D8D2F0D00AEACF8 /* Release */ = {
			isa = XCBuildConfiguration;
			buildSettings = {
				ASSETCATALOG_COMPILER_APPICON_NAME = AppIcon;
				ASSETCATALOG_COMPILER_LAUNCHIMAGE_NAME = "LaunchImage-2";
				DEVELOPMENT_TEAM = AFF6VZR4K4;
				INFOPLIST_FILE = "Bob's Ramen/Info.plist";
				IPHONEOS_DEPLOYMENT_TARGET = 9;
				LD_RUNPATH_SEARCH_PATHS = "$(inherited) @executable_path/Frameworks";
				PRODUCT_BUNDLE_IDENTIFIER = "Bobs.Bob-s-Ramen";
				PRODUCT_NAME = "$(TARGET_NAME)";
				SWIFT_VERSION = 3.0;
			};
			name = Release;
		};
/* End XCBuildConfiguration section */

/* Begin XCConfigurationList section */
		AD8C24641D8D2F0D00AEACF8 /* Build configuration list for PBXProject "Bob's Ramen" */ = {
			isa = XCConfigurationList;
			buildConfigurations = (
				AD8C24791D8D2F0D00AEACF8 /* Debug */,
				AD8C247A1D8D2F0D00AEACF8 /* Release */,
			);
			defaultConfigurationIsVisible = 0;
			defaultConfigurationName = Release;
		};
		AD8C247B1D8D2F0D00AEACF8 /* Build configuration list for PBXNativeTarget "Bob's Ramen" */ = {
			isa = XCConfigurationList;
			buildConfigurations = (
				AD8C247C1D8D2F0D00AEACF8 /* Debug */,
				AD8C247D1D8D2F0D00AEACF8 /* Release */,
			);
			defaultConfigurationIsVisible = 0;
			defaultConfigurationName = Release;
		};
/* End XCConfigurationList section */
	};
	rootObject = AD8C24611D8D2F0D00AEACF8 /* Project object */;
}
